# DO NOT EDIT MANUALLY - Managed by Fern Replay
version: "1.0"
generations:
  - commit_sha: e33955fdf2e314afae927b7aee4c738ea4731016
    tree_hash: ce69fe7182da82fcfdf2ccb25f35b150d6f54171
    timestamp: 2026-09-10T18:09:26.791Z
    cli_version: unknown
    generator_versions: {}
current_generation: e33955fdf2e314afae927b7aee4c738ea4731016
patches: []
